// !$*UTF8*$!
{
	archiveVersion = 1;
	classes = {
	};
	objectVersion = 50;
	objects = {

/* Begin PBXBuildFile section */
		2C247E6A2655552800C9B7C5 /* AppDelegate.swift in Sources */ = {isa = PBXBuildFile; fileRef = 2C247E692655552800C9B7C5 /* AppDelegate.swift */; };
		2C247E6C2655552800C9B7C5 /* SceneDelegate.swift in Sources */ = {isa = PBXBuildFile; fileRef = 2C247E6B2655552800C9B7C5 /* SceneDelegate.swift */; };
		2C247E6E2655552800C9B7C5 /* ContentView.swift in Sources */ = {isa = PBXBuildFile; fileRef = 2C247E6D2655552800C9B7C5 /* ContentView.swift */; };
		2C247E702655552900C9B7C5 /* Assets.xcassets in Resources */ = {isa = PBXBuildFile; fileRef = 2C247E6F2655552900C9B7C5 /* Assets.xcassets */; };
		2C247E732655552900C9B7C5 /* Preview Assets.xcassets in Resources */ = {isa = PBXBuildFile; fileRef = 2C247E722655552900C9B7C5 /* Preview Assets.xcassets */; };
		2C247E762655552900C9B7C5 /* LaunchScreen.storyboard in Resources */ = {isa = PBXBuildFile; fileRef = 2C247E742655552900C9B7C5 /* LaunchScreen.storyboard */; };
		2C247E7E265555E800C9B7C5 /* ActionItem.swift in Sources */ = {isa = PBXBuildFile; fileRef = 2C247E7D265555E800C9B7C5 /* ActionItem.swift */; };
		2C51F45E2655BA2C0080B485 /* ActionSheet.swift in Sources */ = {isa = PBXBuildFile; fileRef = 2C51F45D2655BA2C0080B485 /* ActionSheet.swift */; };
		2C98E118265B4E6700F3DB63 /* ActionItemView.swift in Sources */ = {isa = PBXBuildFile; fileRef = 2C98E117265B4E6700F3DB63 /* ActionItemView.swift */; };
		2C98E11A265B4E8D00F3DB63 /* ActionItemType.swift in Sources */ = {isa = PBXBuildFile; fileRef = 2C98E119265B4E8D00F3DB63 /* ActionItemType.swift */; };
		2C98E11C265B4EA200F3DB63 /* ActionButtonStyle.swift in Sources */ = {isa = PBXBuildFile; fileRef = 2C98E11B265B4EA200F3DB63 /* ActionButtonStyle.swift */; };
/* End PBXBuildFile section */

/* Begin PBXFileReference section */
		2C247E662655552800C9B7C5 /* ActionSheet.app */ = {isa = PBXFileReference; explicitFileType = wrapper.application; includeInIndex = 0; path = ActionSheet.app; sourceTree = BUILT_PRODUCTS_DIR; };
		2C247E692655552800C9B7C5 /* AppDelegate.swift */ = {isa = PBXFileReference; lastKnownFileType = sourcecode.swift; path = AppDelegate.swift; sourceTree = "<group>"; };
		2C247E6B2655552800C9B7C5 /* SceneDelegate.swift */ = {isa = PBXFileReference; lastKnownFileType = sourcecode.swift; path = SceneDelegate.swift; sourceTree = "<group>"; };
		2C247E6D2655552800C9B7C5 /* ContentView.swift */ = {isa = PBXFileReference; lastKnownFileType = sourcecode.swift; path = ContentView.swift; sourceTree = "<group>"; };
		2C247E6F2655552900C9B7C5 /* Assets.xcassets */ = {isa = PBXFileReference; lastKnownFileType = folder.assetcatalog; path = Assets.xcassets; sourceTree = "<group>"; };
		2C247E722655552900C9B7C5 /* Preview Assets.xcassets */ = {isa = PBXFileReference; lastKnownFileType = folder.assetcatalog; path = "Preview Assets.xcassets"; sourceTree = "<group>"; };
		2C247E752655552900C9B7C5 /* Base */ = {isa = PBXFileReference; lastKnownFileType = file.storyboard; name = Base; path = Base.lproj/LaunchScreen.storyboard; sourceTree = "<group>"; };
		2C247E772655552900C9B7C5 /* Info.plist */ = {isa = PBXFileReference; lastKnownFileType = text.plist.xml; path = Info.plist; sourceTree = "<group>"; };
		2C247E7D265555E800C9B7C5 /* ActionItem.swift */ = {isa = PBXFileReference; lastKnownFileType = sourcecode.swift; path = ActionItem.swift; sourceTree = "<group>"; };
		2C51F45D2655BA2C0080B485 /* ActionSheet.swift */ = {isa = PBXFileReference; lastKnownFileType = sourcecode.swift; path = ActionSheet.swift; sourceTree = "<group>"; };
		2C98E117265B4E6700F3DB63 /* ActionItemView.swift */ = {isa = PBXFileReference; lastKnownFileType = sourcecode.swift; path = ActionItemView.swift; sourceTree = "<group>"; };
		2C98E119265B4E8D00F3DB63 /* ActionItemType.swift */ = {isa = PBXFileReference; lastKnownFileType = sourcecode.swift; path = ActionItemType.swift; sourceTree = "<group>"; };
		2C98E11B265B4EA200F3DB63 /* ActionButtonStyle.swift */ = {isa = PBXFileReference; lastKnownFileType = sourcecode.swift; path = ActionButtonStyle.swift; sourceTree = "<group>"; };
/* End PBXFileReference section */

/* Begin PBXFrameworksBuildPhase section */
		2C247E632655552800C9B7C5 /* Frameworks */ = {
			isa = PBXFrameworksBuildPhase;
			buildActionMask = 2147483647;
			files = (
			);
			runOnlyForDeploymentPostprocessing = 0;
		};
/* End PBXFrameworksBuildPhase section */

/* Begin PBXGroup section */
		2C247E5D2655552800C9B7C5 = {
			isa = PBXGroup;
			children = (
				2C247E682655552800C9B7C5 /* ActionSheet */,
				2C247E672655552800C9B7C5 /* Products */,
			);
			sourceTree = "<group>";
		};
		2C247E672655552800C9B7C5 /* Products */ = {
			isa = PBXGroup;
			children = (
				2C247E662655552800C9B7C5 /* ActionSheet.app */,
			);
			name = Products;
			sourceTree = "<group>";
		};
		2C247E682655552800C9B7C5 /* ActionSheet */ = {
			isa = PBXGroup;
			children = (
				2C247E692655552800C9B7C5 /* AppDelegate.swift */,
				2C247E6B2655552800C9B7C5 /* SceneDelegate.swift */,
				2C247E6D2655552800C9B7C5 /* ContentView.swift */,
				2C247E6F2655552900C9B7C5 /* Assets.xcassets */,
				2C247E742655552900C9B7C5 /* LaunchScreen.storyboard */,
				2C247E772655552900C9B7C5 /* Info.plist */,
				2C247E712655552900C9B7C5 /* Preview Content */,
				2C247E7D265555E800C9B7C5 /* ActionItem.swift */,
				2C98E11B265B4EA200F3DB63 /* ActionButtonStyle.swift */,
				2C51F45D2655BA2C0080B485 /* ActionSheet.swift */,
				2C98E117265B4E6700F3DB63 /* ActionItemView.swift */,
				2C98E119265B4E8D00F3DB63 /* ActionItemType.swift */,
			);
			path = ActionSheet;
			sourceTree = "<group>";
		};
		2C247E712655552900C9B7C5 /* Preview Content */ = {
			isa = PBXGroup;
			children = (
				2C247E722655552900C9B7C5 /* Preview Assets.xcassets */,
			);
			path = "Preview Content";
			sourceTree = "<group>";
		};
/* End PBXGroup section */

/* Begin PBXNativeTarget section */
		2C247E652655552800C9B7C5 /* ActionSheet */ = {
			isa = PBXNativeTarget;
			buildConfigurationList = 2C247E7A2655552900C9B7C5 /* Build configuration list for PBXNativeTarget "ActionSheet" */;
			buildPhases = (
				2C247E622655552800C9B7C5 /* Sources */,
				2C247E632655552800C9B7C5 /* Frameworks */,
				2C247E642655552800C9B7C5 /* Resources */,
			);
			buildRules = (
			);
			dependencies = (
			);
			name = ActionSheet;
			productName = ActionSheet;
			productReference = 2C247E662655552800C9B7C5 /* ActionSheet.app */;
			productType = "com.apple.product-type.application";
		};
/* End PBXNativeTarget section */

/* Begin PBXProject section */
		2C247E5E2655552800C9B7C5 /* Project object */ = {
			isa = PBXProject;
			attributes = {
				LastSwiftUpdateCheck = 1250;
				LastUpgradeCheck = 1250;
				TargetAttributes = {
					2C247E652655552800C9B7C5 = {
						CreatedOnToolsVersion = 12.5;
					};
				};
			};
			buildConfigurationList = 2C247E612655552800C9B7C5 /* Build configuration list for PBXProject "ActionSheet" */;
			compatibilityVersion = "Xcode 9.3";
			developmentRegion = en;
			hasScannedForEncodings = 0;
			knownRegions = (
				en,
				Base,
			);
			mainGroup = 2C247E5D2655552800C9B7C5;
			productRefGroup = 2C247E672655552800C9B7C5 /* Products */;
			projectDirPath = "";
			projectRoot = "";
			targets = (
				2C247E652655552800C9B7C5 /* ActionSheet */,
			);
		};
/* End PBXProject section */

/* Begin PBXResourcesBuildPhase section */
		2C247E642655552800C9B7C5 /* Resources */ = {
			isa = PBXResourcesBuildPhase;
			buildActionMask = 2147483647;
			files = (
				2C247E762655552900C9B7C5 /* LaunchScreen.storyboard in Resources */,
				2C247E732655552900C9B7C5 /* Preview Assets.xcassets in Resources */,
				2C247E702655552900C9B7C5 /* Assets.xcassets in Resources */,
			);
			runOnlyForDeploymentPostprocessing = 0;
		};
/* End PBXResourcesBuildPhase section */

/* Begin PBXSourcesBuildPhase section */
		2C247E622655552800C9B7C5 /* Sources */ = {
			isa = PBXSourcesBuildPhase;
			buildActionMask = 2147483647;
			files = (
				2C247E7E265555E800C9B7C5 /* ActionItem.swift in Sources */,
				2C247E6A2655552800C9B7C5 /* AppDelegate.swift in Sources */,
				2C247E6C2655552800C9B7C5 /* SceneDelegate.swift in Sources */,
				2C98E11A265B4E8D00F3DB63 /* ActionItemType.swift in Sources */,
				2C51F45E2655BA2C0080B485 /* ActionSheet.swift in Sources */,
				2C247E6E2655552800C9B7C5 /* ContentView.swift in Sources */,
				2C98E118265B4E6700F3DB63 /* ActionItemView.swift in Sources */,
				2C98E11C265B4EA200F3DB63 /* ActionButtonStyle.swift in Sources */,
			);
			runOnlyForDeploymentPostprocessing = 0;
		};
/* End PBXSourcesBuildPhase section */

/* Begin PBXVariantGroup section */
		2C247E742655552900C9B7C5 /* LaunchScreen.storyboard */ = {
			isa = PBXVariantGroup;
			children = (
				2C247E752655552900C9B7C5 /* Base */,
			);
			name = LaunchScreen.storyboard;
			sourceTree = "<group>";
		};
/* End PBXVariantGroup section */

/* Begin XCBuildConfiguration section */
		2C247E782655552900C9B7C5 /* Debug */ = {
			isa = XCBuildConfiguration;
			buildSettings = {
				ALWAYS_SEARCH_USER_PATHS = NO;
				CLANG_ANALYZER_NONNULL = YES;
				CLANG_ANALYZER_NUMBER_OBJECT_CONVERSION = YES_AGGRESSIVE;
				CLANG_CXX_LANGUAGE_STANDARD = "gnu++14";
				CLANG_CXX_LIBRARY = "libc++";
				CLANG_ENABLE_MODULES = YES;
				CLANG_ENABLE_OBJC_ARC = YES;
				CLANG_ENABLE_OBJC_WEAK = YES;
				CLANG_WARN_BLOCK_CAPTURE_AUTORELEASING = YES;
				CLANG_WARN_BOOL_CONVERSION = YES;
				CLANG_WARN_COMMA = YES;
				CLANG_WARN_CONSTANT_CONVERSION = YES;
				CLANG_WARN_DEPRECATED_OBJC_IMPLEMENTATIONS = YES;
				CLANG_WARN_DIRECT_OBJC_ISA_USAGE = YES_ERROR;
				CLANG_WARN_DOCUMENTATION_COMMENTS = YES;
				CLANG_WARN_EMPTY_BODY = YES;
				CLANG_WARN_ENUM_CONVERSION = YES;
				CLANG_WARN_INFINITE_RECURSION = YES;
				CLANG_WARN_INT_CONVERSION = YES;
				CLANG_WARN_NON_LITERAL_NULL_CONVERSION = YES;
				CLANG_WARN_OBJC_IMPLICIT_RETAIN_SELF = YES;
				CLANG_WARN_OBJC_LITERAL_CONVERSION = YES;
				CLANG_WARN_OBJC_ROOT_CLASS = YES_ERROR;
				CLANG_WARN_QUOTED_INCLUDE_IN_FRAMEWORK_HEADER = YES;
				CLANG_WARN_RANGE_LOOP_ANALYSIS = YES;
				CLANG_WARN_STRICT_PROTOTYPES = YES;
				CLANG_WARN_SUSPICIOUS_MOVE = YES;
				CLANG_WARN_UNGUARDED_AVAILABILITY = YES_AGGRESSIVE;
				CLANG_WARN_UNREACHABLE_CODE = YES;
				CLANG_WARN__DUPLICATE_METHOD_MATCH = YES;
				COPY_PHASE_STRIP = NO;
				DEBUG_INFORMATION_FORMAT = dwarf;
				ENABLE_STRICT_OBJC_MSGSEND = YES;
				ENABLE_TESTABILITY = YES;
				GCC_C_LANGUAGE_STANDARD = gnu11;
				GCC_DYNAMIC_NO_PIC = NO;
				GCC_NO_COMMON_BLOCKS = YES;
				GCC_OPTIMIZATION_LEVEL = 0;
				GCC_PREPROCESSOR_DEFINITIONS = (
					"DEBUG=1",
					"$(inherited)",
				);
				GCC_WARN_64_TO_32_BIT_CONVERSION = YES;
				GCC_WARN_ABOUT_RETURN_TYPE = YES_ERROR;
				GCC_WARN_UNDECLARED_SELECTOR = YES;
				GCC_WARN_UNINITIALIZED_AUTOS = YES_AGGRESSIVE;
				GCC_WARN_UNUSED_FUNCTION = YES;
				GCC_WARN_UNUSED_VARIABLE = YES;
				IPHONEOS_DEPLOYMENT_TARGET = 14.5;
				MTL_ENABLE_DEBUG_INFO = INCLUDE_SOURCE;
				MTL_FAST_MATH = YES;
				ONLY_ACTIVE_ARCH = YES;
				SDKROOT = iphoneos;
				SWIFT_ACTIVE_COMPILATION_CONDITIONS = DEBUG;
				SWIFT_OPTIMIZATION_LEVEL = "-Onone";
			};
			name = Debug;
		};
		2C247E792655552900C9B7C5 /* Release */ = {
			isa = XCBuildConfiguration;
			buildSettings = {
				ALWAYS_SEARCH_USER_PATHS = NO;
				CLANG_ANALYZER_NONNULL = YES;
				CLANG_ANALYZER_NUMBER_OBJECT_CONVERSION = YES_AGGRESSIVE;
				CLANG_CXX_LANGUAGE_STANDARD = "gnu++14";
				CLANG_CXX_LIBRARY = "libc++";
				CLANG_ENABLE_MODULES = YES;
				CLANG_ENABLE_OBJC_ARC = YES;
				CLANG_ENABLE_OBJC_WEAK = YES;
				CLANG_WARN_BLOCK_CAPTURE_AUTORELEASING = YES;
				CLANG_WARN_BOOL_CONVERSION = YES;
				CLANG_WARN_COMMA = YES;
				CLANG_WARN_CONSTANT_CONVERSION = YES;
				CLANG_WARN_DEPRECATED_OBJC_IMPLEMENTATIONS = YES;
				CLANG_WARN_DIRECT_OBJC_ISA_USAGE = YES_ERROR;
				CLANG_WARN_DOCUMENTATION_COMMENTS = YES;
				CLANG_WARN_EMPTY_BODY = YES;
				CLANG_WARN_ENUM_CONVERSION = YES;
				CLANG_WARN_INFINITE_RECURSION = YES;
				CLANG_WARN_INT_CONVERSION = YES;
				CLANG_WARN_NON_LITERAL_NULL_CONVERSION = YES;
				CLANG_WARN_OBJC_IMPLICIT_RETAIN_SELF = YES;
				CLANG_WARN_OBJC_LITERAL_CONVERSION = YES;
				CLANG_WARN_OBJC_ROOT_CLASS = YES_ERROR;
				CLANG_WARN_QUOTED_INCLUDE_IN_FRAMEWORK_HEADER = YES;
				CLANG_WARN_RANGE_LOOP_ANALYSIS = YES;
				CLANG_WARN_STRICT_PROTOTYPES = YES;
				CLANG_WARN_SUSPICIOUS_MOVE = YES;
				CLANG_WARN_UNGUARDED_AVAILABILITY = YES_AGGRESSIVE;
				CLANG_WARN_UNREACHABLE_CODE = YES;
				CLANG_WARN__DUPLICATE_METHOD_MATCH = YES;
				COPY_PHASE_STRIP = NO;
				DEBUG_INFORMATION_FORMAT = "dwarf-with-dsym";
				ENABLE_NS_ASSERTIONS = NO;
				ENABLE_STRICT_OBJC_MSGSEND = YES;
				GCC_C_LANGUAGE_STANDARD = gnu11;
				GCC_NO_COMMON_BLOCKS = YES;
				GCC_WARN_64_TO_32_BIT_CONVERSION = YES;
				GCC_WARN_ABOUT_RETURN_TYPE = YES_ERROR;
				GCC_WARN_UNDECLARED_SELECTOR = YES;
				GCC_WARN_UNINITIALIZED_AUTOS = YES_AGGRESSIVE;
				GCC_WARN_UNUSED_FUNCTION = YES;
				GCC_WARN_UNUSED_VARIABLE = YES;
				IPHONEOS_DEPLOYMENT_TARGET = 14.5;
				MTL_ENABLE_DEBUG_INFO = NO;
				MTL_FAST_MATH = YES;
				SDKROOT = iphoneos;
				SWIFT_COMPILATION_MODE = wholemodule;
				SWIFT_OPTIMIZATION_LEVEL = "-O";
				VALIDATE_PRODUCT = YES;
			};
			name = Release;
		};
		2C247E7B2655552900C9B7C5 /* Debug */ = {
			isa = XCBuildConfiguration;
			buildSettings = {
				ASSETCATALOG_COMPILER_APPICON_NAME = AppIcon;
				ASSETCATALOG_COMPILER_GLOBAL_ACCENT_COLOR_NAME = AccentColor;
				CODE_SIGN_STYLE = Automatic;
				DEVELOPMENT_ASSET_PATHS = "\"ActionSheet/Preview Content\"";
				DEVELOPMENT_TEAM = QYFSMCG7FR;
				ENABLE_PREVIEWS = YES;
				INFOPLIST_FILE = ActionSheet/Info.plist;
				LD_RUNPATH_SEARCH_PATHS = (
					"$(inherited)",
					"@executable_path/Frameworks",
				);
				PRODUCT_BUNDLE_IDENTIFIER = com.coreyroberts.ActionSheet;
				PRODUCT_NAME = "$(TARGET_NAME)";
				SWIFT_VERSION = 5.0;
				TARGETED_DEVICE_FAMILY = "1,2";
			};
			name = Debug;
		};
		2C247E7C2655552900C9B7C5 /* Release */ = {
			isa = XCBuildConfiguration;
			buildSettings = {
				ASSETCATALOG_COMPILER_APPICON_NAME = AppIcon;
				ASSETCATALOG_COMPILER_GLOBAL_ACCENT_COLOR_NAME = AccentColor;
				CODE_SIGN_STYLE = Automatic;
				DEVELOPMENT_ASSET_PATHS = "\"ActionSheet/Preview Content\"";
				DEVELOPMENT_TEAM = QYFSMCG7FR;
				ENABLE_PREVIEWS = YES;
				INFOPLIST_FILE = ActionSheet/Info.plist;
				LD_RUNPATH_SEARCH_PATHS = (
					"$(inherited)",
					"@executable_path/Frameworks",
				);
				PRODUCT_BUNDLE_IDENTIFIER = com.coreyroberts.ActionSheet;
				PRODUCT_NAME = "$(TARGET_NAME)";
				SWIFT_VERSION = 5.0;
				TARGETED_DEVICE_FAMILY = "1,2";
			};
			name = Release;
		};
/* End XCBuildConfiguration section */

/* Begin XCConfigurationList section */
		2C247E612655552800C9B7C5 /* Build configuration list for PBXProject "ActionSheet" */ = {
			isa = XCConfigurationList;
			buildConfigurations = (
				2C247E782655552900C9B7C5 /* Debug */,
				2C247E792655552900C9B7C5 /* Release */,
			);
			defaultConfigurationIsVisible = 0;
			defaultConfigurationName = Release;
		};
		2C247E7A2655552900C9B7C5 /* Build configuration list for PBXNativeTarget "ActionSheet" */ = {
			isa = XCConfigurationList;
			buildConfigurations = (
				2C247E7B2655552900C9B7C5 /* Debug */,
				2C247E7C2655552900C9B7C5 /* Release */,
			);
			defaultConfigurationIsVisible = 0;
			defaultConfigurationName = Release;
		};
/* End XCConfigurationList section */
	};
	rootObject = 2C247E5E2655552800C9B7C5 /* Project object */;
}
